
Microsoft Visual Studio Solution File, Format Version 12.00
# Visual Studio Version 17
VisualStudioVersion = 17.9.34723.18
MinimumVisualStudioVersion = 10.0.40219.1
Project("{FAE04EC0-301F-11D3-BF4B-00C04F79EFBC}") = "Prog122_S24_L13_RTBAdv", "Prog122_S24_L13_RTBAdv.csproj", "{CDB97439-CD53-4D94-A738-114A262D28A0}"
EndProject
Global
	GlobalSection(SolutionConfigurationPlatforms) = preSolution
		Debug|Any CPU = Debug|Any CPU
		Release|Any CPU = Release|Any CPU
	EndGlobalSection
	GlobalSection(ProjectConfigurationPlatforms) = postSolution
		{CDB97439-CD53-4D94-A738-114A262D28A0}.Debug|Any CPU.ActiveCfg = Debug|Any CPU
		{CDB97439-CD53-4D94-A738-114A262D28A0}.Debug|Any CPU.Build.0 = Debug|Any CPU
		{CDB97439-CD53-4D94-A738-114A262D28A0}.Release|Any CPU.ActiveCfg = Release|Any CPU
		{CDB97439-CD53-4D94-A738-114A262D28A0}.Release|Any CPU.Build.0 = Release|Any CPU
	EndGlobalSection
	GlobalSection(SolutionProperties) = preSolution
		HideSolutionNode = FALSE
	EndGlobalSection
	GlobalSection(ExtensibilityGlobals) = postSolution
		SolutionGuid = {450E72EE-C2B6-44DE-A293-0D9CA71ECB83}
	EndGlobalSection
EndGlobal
